<?xml version="1.0" encoding="utf-8"?>
<Project ToolsVersion="4.0" xmlns="http://schemas.microsoft.com/developer/msbuild/2003">
  <ItemGroup>
    <ClCompile Include="BoundingBox.cpp" />
    <ClCompile Include="Camera.cpp" />
    <ClCompile Include="Cube.cpp" />
    <ClCompile Include="MatrixKeyframe.cpp" />
    <ClCompile Include="VectorKeyframe.cpp" />
    <ClCompile Include="main.cpp" />
    <ClCompile Include="Maze.cpp" />
    <ClCompile Include="Mesh.cpp" />
    <ClCompile Include="Model.cpp" />
    <ClCompile Include="Player.cpp" />
    <ClCompile Include="shader.cpp" />
    <ClCompile Include="Weapon.cpp" />
    <ClCompile Include="Window.cpp" />
    <ClCompile Include="AnimationClip.cpp" />
    <ClCompile Include="AnimationNode.cpp" />
    <ClCompile Include="AnimationPlayer.cpp" />
  </ItemGroup>
  <ItemGroup>
    <ClInclude Include="AnimationClip.h" />
    <ClInclude Include="AnimationNode.h" />
    <ClInclude Include="AnimationPlayer.h" />
    <ClInclude Include="AssimpToGlmHelper.h" />
    <ClInclude Include="BoundingBox.h" />
    <ClInclude Include="Camera.h" />
    <ClInclude Include="core.h" />
    <ClInclude Include="Cube.h" />
    <ClInclude Include="MatrixKeyframe.h" />
    <ClInclude Include="VectorKeyframe.h" />
    <ClInclude Include="Maze.h" />
    <ClInclude Include="Mesh.h" />
    <ClInclude Include="Model.h" />
    <ClInclude Include="Weapon.h" />
    <ClInclude Include="main.h" />
    <ClInclude Include="Player.h" />
    <ClInclude Include="shader.h" />
    <ClInclude Include="Window.h" />
  </ItemGroup>
  <ItemGroup>
    <None Include="packages.config" />
    <None Include="shaders\shader.frag" />
    <None Include="shaders\shader.vert" />
  </ItemGroup>
</Project>